
Microsoft Visual Studio Solution File, Format Version 12.00
# Visual Studio 14
VisualStudioVersion = 14.0.25420.1
MinimumVisualStudioVersion = 10.0.40219.1
Project("{FAE04EC0-301F-11D3-BF4B-00C04F79EFBC}") = "AdapterPattern", "AdapterPattern\AdapterPattern.csproj", "{60EFAE09-248C-4749-8120-BD41C2F3C362}"
EndProject
Project("{FAE04EC0-301F-11D3-BF4B-00C04F79EFBC}") = "BridgePattern", "BridgePattern\BridgePattern.csproj", "{753FED05-717B-49ED-99E4-2E52D95F8E41}"
EndProject
Project("{FAE04EC0-301F-11D3-BF4B-00C04F79EFBC}") = "BuilderPattern", "BuilderPattern\BuilderPattern.csproj", "{B39E6CCC-7AE6-4AA2-807F-0E9F65333E8C}"
EndProject
Project("{FAE04EC0-301F-11D3-BF4B-00C04F79EFBC}") = "BuilderPatternRealWorld", "BuilderPatternRealWorld\BuilderPatternRealWorld.csproj", "{849A99D0-69A6-4A9C-80D1-F2EC528BA9FF}"
EndProject
Project("{FAE04EC0-301F-11D3-BF4B-00C04F79EFBC}") = "ChainOfResponsibility", "ChainOfResponsibility\ChainOfResponsibility.csproj", "{779536B1-9E2B-4DAE-ADDB-D6B320001577}"
EndProject
Project("{FAE04EC0-301F-11D3-BF4B-00C04F79EFBC}") = "ChainOfResponsibilityRealWorld", "ChainOfResponsibilityRealWorld\ChainOfResponsibilityRealWorld.csproj", "{35E7A0C8-8AD4-41F5-A7CE-5C9CEF2E2C34}"
EndProject
Project("{2150E333-8FDC-42A3-9474-1A3956D46DE8}") = "Adapter", "Adapter", "{E403D807-D592-475A-8D8E-70F19349514A}"
EndProject
Project("{2150E333-8FDC-42A3-9474-1A3956D46DE8}") = "Bridge", "Bridge", "{0B103AC1-C843-4FC0-9DD3-9A318B06644E}"
EndProject
Project("{2150E333-8FDC-42A3-9474-1A3956D46DE8}") = "Builder", "Builder", "{612875A3-593E-48E4-8841-8E8D57DCBBAB}"
EndProject
Project("{2150E333-8FDC-42A3-9474-1A3956D46DE8}") = "ChainOfResponsibility", "ChainOfResponsibility", "{23DB2FAE-7604-49BB-BE5A-C73A63369668}"
EndProject
Project("{2150E333-8FDC-42A3-9474-1A3956D46DE8}") = "Command", "Command", "{BA0C0100-54D4-4922-8D72-F6FD1C5C46DB}"
EndProject
Project("{FAE04EC0-301F-11D3-BF4B-00C04F79EFBC}") = "CommandPattern", "CommandPattern\CommandPattern.csproj", "{BD7078AA-060F-4A84-8C96-E502992E1860}"
EndProject
Project("{2150E333-8FDC-42A3-9474-1A3956D46DE8}") = "_Documentation", "_Documentation", "{FC61307C-CC11-44E7-A996-2781105CEE18}"
EndProject
Project("{FAE04EC0-301F-11D3-BF4B-00C04F79EFBC}") = "CommandPatternRealWorld", "CommandPatternRealWorld\CommandPatternRealWorld.csproj", "{E2A6C554-1731-4078-8445-0D42FA8C8367}"
EndProject
Project("{FAE04EC0-301F-11D3-BF4B-00C04F79EFBC}") = "CommandPatternRealWorld2", "CommandPatternRealWorld2\CommandPatternRealWorld2.csproj", "{E94DBAD6-0DE6-4631-9102-4FB83FA47F73}"
EndProject
Project("{2150E333-8FDC-42A3-9474-1A3956D46DE8}") = "Composite", "Composite", "{CBCFE241-FE65-4A84-BD4B-26826308C2CC}"
EndProject
Project("{FAE04EC0-301F-11D3-BF4B-00C04F79EFBC}") = "CompositePattern", "CompositePattern\CompositePattern.csproj", "{49913F38-B7F1-4C1C-BD70-D5A835F8093C}"
EndProject
Project("{FAE04EC0-301F-11D3-BF4B-00C04F79EFBC}") = "CompositePatternRealWorld", "CompositePatternRealWorld\CompositePatternRealWorld.csproj", "{538A60D4-6F43-4037-8CEE-30109F739207}"
EndProject
Project("{2150E333-8FDC-42A3-9474-1A3956D46DE8}") = "Factory", "Factory", "{A93C052A-106B-45B1-901B-ADCC531897B6}"
EndProject
Project("{2150E333-8FDC-42A3-9474-1A3956D46DE8}") = "AbstractFactory", "AbstractFactory", "{E08DFDBC-6A60-4262-9448-1D41ECA7DE82}"
EndProject
Project("{FAE04EC0-301F-11D3-BF4B-00C04F79EFBC}") = "Factory", "Factory\Factory.csproj", "{5090BA14-118C-4774-BFDC-C1EBEE93AF09}"
EndProject
Global
	GlobalSection(SolutionConfigurationPlatforms) = preSolution
		Debug|Any CPU = Debug|Any CPU
		Debug|x86 = Debug|x86
		Release|Any CPU = Release|Any CPU
		Release|x86 = Release|x86
	EndGlobalSection
	GlobalSection(ProjectConfigurationPlatforms) = postSolution
		{60EFAE09-248C-4749-8120-BD41C2F3C362}.Debug|Any CPU.ActiveCfg = Debug|Any CPU
		{60EFAE09-248C-4749-8120-BD41C2F3C362}.Debug|Any CPU.Build.0 = Debug|Any CPU
		{60EFAE09-248C-4749-8120-BD41C2F3C362}.Debug|x86.ActiveCfg = Debug|Any CPU
		{60EFAE09-248C-4749-8120-BD41C2F3C362}.Debug|x86.Build.0 = Debug|Any CPU
		{60EFAE09-248C-4749-8120-BD41C2F3C362}.Release|Any CPU.ActiveCfg = Release|Any CPU
		{60EFAE09-248C-4749-8120-BD41C2F3C362}.Release|Any CPU.Build.0 = Release|Any CPU
		{60EFAE09-248C-4749-8120-BD41C2F3C362}.Release|x86.ActiveCfg = Release|Any CPU
		{60EFAE09-248C-4749-8120-BD41C2F3C362}.Release|x86.Build.0 = Release|Any CPU
		{753FED05-717B-49ED-99E4-2E52D95F8E41}.Debug|Any CPU.ActiveCfg = Debug|Any CPU
		{753FED05-717B-49ED-99E4-2E52D95F8E41}.Debug|Any CPU.Build.0 = Debug|Any CPU
		{753FED05-717B-49ED-99E4-2E52D95F8E41}.Debug|x86.ActiveCfg = Debug|Any CPU
		{753FED05-717B-49ED-99E4-2E52D95F8E41}.Debug|x86.Build.0 = Debug|Any CPU
		{753FED05-717B-49ED-99E4-2E52D95F8E41}.Release|Any CPU.ActiveCfg = Release|Any CPU
		{753FED05-717B-49ED-99E4-2E52D95F8E41}.Release|Any CPU.Build.0 = Release|Any CPU
		{753FED05-717B-49ED-99E4-2E52D95F8E41}.Release|x86.ActiveCfg = Release|Any CPU
		{753FED05-717B-49ED-99E4-2E52D95F8E41}.Release|x86.Build.0 = Release|Any CPU
		{B39E6CCC-7AE6-4AA2-807F-0E9F65333E8C}.Debug|Any CPU.ActiveCfg = Debug|Any CPU
		{B39E6CCC-7AE6-4AA2-807F-0E9F65333E8C}.Debug|Any CPU.Build.0 = Debug|Any CPU
		{B39E6CCC-7AE6-4AA2-807F-0E9F65333E8C}.Debug|x86.ActiveCfg = Debug|Any CPU
		{B39E6CCC-7AE6-4AA2-807F-0E9F65333E8C}.Debug|x86.Build.0 = Debug|Any CPU
		{B39E6CCC-7AE6-4AA2-807F-0E9F65333E8C}.Release|Any CPU.ActiveCfg = Release|Any CPU
		{B39E6CCC-7AE6-4AA2-807F-0E9F65333E8C}.Release|Any CPU.Build.0 = Release|Any CPU
		{B39E6CCC-7AE6-4AA2-807F-0E9F65333E8C}.Release|x86.ActiveCfg = Release|Any CPU
		{B39E6CCC-7AE6-4AA2-807F-0E9F65333E8C}.Release|x86.Build.0 = Release|Any CPU
		{849A99D0-69A6-4A9C-80D1-F2EC528BA9FF}.Debug|Any CPU.ActiveCfg = Debug|Any CPU
		{849A99D0-69A6-4A9C-80D1-F2EC528BA9FF}.Debug|Any CPU.Build.0 = Debug|Any CPU
		{849A99D0-69A6-4A9C-80D1-F2EC528BA9FF}.Debug|x86.ActiveCfg = Debug|Any CPU
		{849A99D0-69A6-4A9C-80D1-F2EC528BA9FF}.Debug|x86.Build.0 = Debug|Any CPU
		{849A99D0-69A6-4A9C-80D1-F2EC528BA9FF}.Release|Any CPU.ActiveCfg = Release|Any CPU
		{849A99D0-69A6-4A9C-80D1-F2EC528BA9FF}.Release|Any CPU.Build.0 = Release|Any CPU
		{849A99D0-69A6-4A9C-80D1-F2EC528BA9FF}.Release|x86.ActiveCfg = Release|Any CPU
		{849A99D0-69A6-4A9C-80D1-F2EC528BA9FF}.Release|x86.Build.0 = Release|Any CPU
		{779536B1-9E2B-4DAE-ADDB-D6B320001577}.Debug|Any CPU.ActiveCfg = Debug|Any CPU
		{779536B1-9E2B-4DAE-ADDB-D6B320001577}.Debug|Any CPU.Build.0 = Debug|Any CPU
		{779536B1-9E2B-4DAE-ADDB-D6B320001577}.Debug|x86.ActiveCfg = Debug|Any CPU
		{779536B1-9E2B-4DAE-ADDB-D6B320001577}.Debug|x86.Build.0 = Debug|Any CPU
		{779536B1-9E2B-4DAE-ADDB-D6B320001577}.Release|Any CPU.ActiveCfg = Release|Any CPU
		{779536B1-9E2B-4DAE-ADDB-D6B320001577}.Release|Any CPU.Build.0 = Release|Any CPU
		{779536B1-9E2B-4DAE-ADDB-D6B320001577}.Release|x86.ActiveCfg = Release|Any CPU
		{779536B1-9E2B-4DAE-ADDB-D6B320001577}.Release|x86.Build.0 = Release|Any CPU
		{35E7A0C8-8AD4-41F5-A7CE-5C9CEF2E2C34}.Debug|Any CPU.ActiveCfg = Debug|Any CPU
		{35E7A0C8-8AD4-41F5-A7CE-5C9CEF2E2C34}.Debug|Any CPU.Build.0 = Debug|Any CPU
		{35E7A0C8-8AD4-41F5-A7CE-5C9CEF2E2C34}.Debug|x86.ActiveCfg = Debug|Any CPU
		{35E7A0C8-8AD4-41F5-A7CE-5C9CEF2E2C34}.Debug|x86.Build.0 = Debug|Any CPU
		{35E7A0C8-8AD4-41F5-A7CE-5C9CEF2E2C34}.Release|Any CPU.ActiveCfg = Release|Any CPU
		{35E7A0C8-8AD4-41F5-A7CE-5C9CEF2E2C34}.Release|Any CPU.Build.0 = Release|Any CPU
		{35E7A0C8-8AD4-41F5-A7CE-5C9CEF2E2C34}.Release|x86.ActiveCfg = Release|Any CPU
		{35E7A0C8-8AD4-41F5-A7CE-5C9CEF2E2C34}.Release|x86.Build.0 = Release|Any CPU
		{BD7078AA-060F-4A84-8C96-E502992E1860}.Debug|Any CPU.ActiveCfg = Debug|Any CPU
		{BD7078AA-060F-4A84-8C96-E502992E1860}.Debug|Any CPU.Build.0 = Debug|Any CPU
		{BD7078AA-060F-4A84-8C96-E502992E1860}.Debug|x86.ActiveCfg = Debug|Any CPU
		{BD7078AA-060F-4A84-8C96-E502992E1860}.Debug|x86.Build.0 = Debug|Any CPU
		{BD7078AA-060F-4A84-8C96-E502992E1860}.Release|Any CPU.ActiveCfg = Release|Any CPU
		{BD7078AA-060F-4A84-8C96-E502992E1860}.Release|Any CPU.Build.0 = Release|Any CPU
		{BD7078AA-060F-4A84-8C96-E502992E1860}.Release|x86.ActiveCfg = Release|Any CPU
		{BD7078AA-060F-4A84-8C96-E502992E1860}.Release|x86.Build.0 = Release|Any CPU
		{E2A6C554-1731-4078-8445-0D42FA8C8367}.Debug|Any CPU.ActiveCfg = Debug|Any CPU
		{E2A6C554-1731-4078-8445-0D42FA8C8367}.Debug|Any CPU.Build.0 = Debug|Any CPU
		{E2A6C554-1731-4078-8445-0D42FA8C8367}.Debug|x86.ActiveCfg = Debug|Any CPU
		{E2A6C554-1731-4078-8445-0D42FA8C8367}.Debug|x86.Build.0 = Debug|Any CPU
		{E2A6C554-1731-4078-8445-0D42FA8C8367}.Release|Any CPU.ActiveCfg = Release|Any CPU
		{E2A6C554-1731-4078-8445-0D42FA8C8367}.Release|Any CPU.Build.0 = Release|Any CPU
		{E2A6C554-1731-4078-8445-0D42FA8C8367}.Release|x86.ActiveCfg = Release|Any CPU
		{E2A6C554-1731-4078-8445-0D42FA8C8367}.Release|x86.Build.0 = Release|Any CPU
		{E94DBAD6-0DE6-4631-9102-4FB83FA47F73}.Debug|Any CPU.ActiveCfg = Debug|x86
		{E94DBAD6-0DE6-4631-9102-4FB83FA47F73}.Debug|x86.ActiveCfg = Debug|x86
		{E94DBAD6-0DE6-4631-9102-4FB83FA47F73}.Debug|x86.Build.0 = Debug|x86
		{E94DBAD6-0DE6-4631-9102-4FB83FA47F73}.Release|Any CPU.ActiveCfg = Release|x86
		{E94DBAD6-0DE6-4631-9102-4FB83FA47F73}.Release|x86.ActiveCfg = Release|x86
		{E94DBAD6-0DE6-4631-9102-4FB83FA47F73}.Release|x86.Build.0 = Release|x86
		{49913F38-B7F1-4C1C-BD70-D5A835F8093C}.Debug|Any CPU.ActiveCfg = Debug|Any CPU
		{49913F38-B7F1-4C1C-BD70-D5A835F8093C}.Debug|Any CPU.Build.0 = Debug|Any CPU
		{49913F38-B7F1-4C1C-BD70-D5A835F8093C}.Debug|x86.ActiveCfg = Debug|Any CPU
		{49913F38-B7F1-4C1C-BD70-D5A835F8093C}.Debug|x86.Build.0 = Debug|Any CPU
		{49913F38-B7F1-4C1C-BD70-D5A835F8093C}.Release|Any CPU.ActiveCfg = Release|Any CPU
		{49913F38-B7F1-4C1C-BD70-D5A835F8093C}.Release|Any CPU.Build.0 = Release|Any CPU
		{49913F38-B7F1-4C1C-BD70-D5A835F8093C}.Release|x86.ActiveCfg = Release|Any CPU
		{49913F38-B7F1-4C1C-BD70-D5A835F8093C}.Release|x86.Build.0 = Release|Any CPU
		{538A60D4-6F43-4037-8CEE-30109F739207}.Debug|Any CPU.ActiveCfg = Debug|Any CPU
		{538A60D4-6F43-4037-8CEE-30109F739207}.Debug|Any CPU.Build.0 = Debug|Any CPU
		{538A60D4-6F43-4037-8CEE-30109F739207}.Debug|x86.ActiveCfg = Debug|Any CPU
		{538A60D4-6F43-4037-8CEE-30109F739207}.Debug|x86.Build.0 = Debug|Any CPU
		{538A60D4-6F43-4037-8CEE-30109F739207}.Release|Any CPU.ActiveCfg = Release|Any CPU
		{538A60D4-6F43-4037-8CEE-30109F739207}.Release|Any CPU.Build.0 = Release|Any CPU
		{538A60D4-6F43-4037-8CEE-30109F739207}.Release|x86.ActiveCfg = Release|Any CPU
		{538A60D4-6F43-4037-8CEE-30109F739207}.Release|x86.Build.0 = Release|Any CPU
		{5090BA14-118C-4774-BFDC-C1EBEE93AF09}.Debug|Any CPU.ActiveCfg = Debug|Any CPU
		{5090BA14-118C-4774-BFDC-C1EBEE93AF09}.Debug|Any CPU.Build.0 = Debug|Any CPU
		{5090BA14-118C-4774-BFDC-C1EBEE93AF09}.Debug|x86.ActiveCfg = Debug|Any CPU
		{5090BA14-118C-4774-BFDC-C1EBEE93AF09}.Debug|x86.Build.0 = Debug|Any CPU
		{5090BA14-118C-4774-BFDC-C1EBEE93AF09}.Release|Any CPU.ActiveCfg = Release|Any CPU
		{5090BA14-118C-4774-BFDC-C1EBEE93AF09}.Release|Any CPU.Build.0 = Release|Any CPU
		{5090BA14-118C-4774-BFDC-C1EBEE93AF09}.Release|x86.ActiveCfg = Release|Any CPU
		{5090BA14-118C-4774-BFDC-C1EBEE93AF09}.Release|x86.Build.0 = Release|Any CPU
	EndGlobalSection
	GlobalSection(SolutionProperties) = preSolution
		HideSolutionNode = FALSE
	EndGlobalSection
	GlobalSection(NestedProjects) = preSolution
		{60EFAE09-248C-4749-8120-BD41C2F3C362} = {E403D807-D592-475A-8D8E-70F19349514A}
		{753FED05-717B-49ED-99E4-2E52D95F8E41} = {0B103AC1-C843-4FC0-9DD3-9A318B06644E}
		{B39E6CCC-7AE6-4AA2-807F-0E9F65333E8C} = {612875A3-593E-48E4-8841-8E8D57DCBBAB}
		{849A99D0-69A6-4A9C-80D1-F2EC528BA9FF} = {612875A3-593E-48E4-8841-8E8D57DCBBAB}
		{779536B1-9E2B-4DAE-ADDB-D6B320001577} = {23DB2FAE-7604-49BB-BE5A-C73A63369668}
		{35E7A0C8-8AD4-41F5-A7CE-5C9CEF2E2C34} = {23DB2FAE-7604-49BB-BE5A-C73A63369668}
		{BD7078AA-060F-4A84-8C96-E502992E1860} = {BA0C0100-54D4-4922-8D72-F6FD1C5C46DB}
		{E2A6C554-1731-4078-8445-0D42FA8C8367} = {BA0C0100-54D4-4922-8D72-F6FD1C5C46DB}
		{E94DBAD6-0DE6-4631-9102-4FB83FA47F73} = {BA0C0100-54D4-4922-8D72-F6FD1C5C46DB}
		{49913F38-B7F1-4C1C-BD70-D5A835F8093C} = {CBCFE241-FE65-4A84-BD4B-26826308C2CC}
		{538A60D4-6F43-4037-8CEE-30109F739207} = {CBCFE241-FE65-4A84-BD4B-26826308C2CC}
		{5090BA14-118C-4774-BFDC-C1EBEE93AF09} = {A93C052A-106B-45B1-901B-ADCC531897B6}
	EndGlobalSection
EndGlobal
